
Microsoft Visual Studio Solution File, Format Version 11.00
# Visual Studio 2010
Project("{FAE04EC0-301F-11D3-BF4B-00C04F79EFBC}") = "Capricious2", "Assembly-CSharp-firstpass.csproj", "{D8A190C4-59B4-EC1F-339C-7D9C2DB2F623}"
EndProject
Project("{FAE04EC0-301F-11D3-BF4B-00C04F79EFBC}") = "Capricious2", "Assembly-CSharp.csproj", "{E6FD4DE7-BA2A-828C-2287-817E44D57674}"
EndProject
Project("{FAE04EC0-301F-11D3-BF4B-00C04F79EFBC}") = "Capricious2", "Assembly-CSharp-Editor-firstpass.csproj", "{18E5C442-056F-8F77-92AF-FD005F3A2D8C}"
EndProject
Global
	GlobalSection(SolutionConfigurationPlatforms) = preSolution
		Debug|Any CPU = Debug|Any CPU
		Release|Any CPU = Release|Any CPU
	EndGlobalSection
	GlobalSection(ProjectConfigurationPlatforms) = postSolution
		{D8A190C4-59B4-EC1F-339C-7D9C2DB2F623}.Debug|Any CPU.ActiveCfg = Debug|Any CPU
		{D8A190C4-59B4-EC1F-339C-7D9C2DB2F623}.Debug|Any CPU.Build.0 = Debug|Any CPU
		{D8A190C4-59B4-EC1F-339C-7D9C2DB2F623}.Release|Any CPU.ActiveCfg = Release|Any CPU
		{D8A190C4-59B4-EC1F-339C-7D9C2DB2F623}.Release|Any CPU.Build.0 = Release|Any CPU
		{E6FD4DE7-BA2A-828C-2287-817E44D57674}.Debug|Any CPU.ActiveCfg = Debug|Any CPU
		{E6FD4DE7-BA2A-828C-2287-817E44D57674}.Debug|Any CPU.Build.0 = Debug|Any CPU
		{E6FD4DE7-BA2A-828C-2287-817E44D57674}.Release|Any CPU.ActiveCfg = Release|Any CPU
		{E6FD4DE7-BA2A-828C-2287-817E44D57674}.Release|Any CPU.Build.0 = Release|Any CPU
		{18E5C442-056F-8F77-92AF-FD005F3A2D8C}.Debug|Any CPU.ActiveCfg = Debug|Any CPU
		{18E5C442-056F-8F77-92AF-FD005F3A2D8C}.Debug|Any CPU.Build.0 = Debug|Any CPU
		{18E5C442-056F-8F77-92AF-FD005F3A2D8C}.Release|Any CPU.ActiveCfg = Release|Any CPU
		{18E5C442-056F-8F77-92AF-FD005F3A2D8C}.Release|Any CPU.Build.0 = Release|Any CPU
	EndGlobalSection
	GlobalSection(SolutionProperties) = preSolution
		HideSolutionNode = FALSE
	EndGlobalSection
	GlobalSection(MonoDevelopProperties) = preSolution
		StartupItem = Assembly-CSharp.csproj
	EndGlobalSection
EndGlobal
